Microsoft Visual Studio Solution File, Format Version 12.00
# Visual Studio Version 17
VisualStudioVersion = 17.13.36105.23
MinimumVisualStudioVersion = 10.0.40219.1
Project("{FAE04EC0-301F-11D3-BF4B-00C04F79EFBC}") = "GamesApp.Web", "GamesApp.Web\GamesApp.Web.csproj", "{365405E1-BB09-42A4-A384-71BF70F6CAC6}"
EndProject
Global
	GlobalSection(SolutionConfigurationPlatforms) = preSolution
		Debug|Any CPU = Debug|Any CPU
		Release|Any CPU = Release|Any CPU
	EndGlobalSection
	GlobalSection(ProjectConfigurationPlatforms) = postSolution
		{365405E1-BB09-42A4-A384-71BF70F6CAC6}.Debug|Any CPU.ActiveCfg = Debug|Any CPU
		{365405E1-BB09-42A4-A384-71BF70F6CAC6}.Debug|Any CPU.Build.0 = Debug|Any CPU
		{365405E1-BB09-42A4-A384-71BF70F6CAC6}.Release|Any CPU.ActiveCfg = Release|Any CPU
		{365405E1-BB09-42A4-A384-71BF70F6CAC6}.Release|Any CPU.Build.0 = Release|Any CPU
	EndGlobalSection
	GlobalSection(SolutionProperties) = preSolution
		HideSolutionNode = FALSE
	EndGlobalSection
	GlobalSection(ExtensibilityGlobals) = postSolution
		SolutionGuid = {949D94F7-2685-4C90-9B94-6F0FAEF7AB51}
	EndGlobalSection
EndGlobal
